
Microsoft Visual Studio Solution File, Format Version 12.00
# Visual Studio Version 17
VisualStudioVersion = 17.0.31903.59
MinimumVisualStudioVersion = 10.0.40219.1
Project("{FAE04EC0-301F-11D3-BF4B-00C04F79EFBC}") = "RevitMCP.Plugin", "RevitMCP.Plugin\RevitMCP.Plugin.csproj", "{B10FAA4F-9520-4DD9-A04A-0F1471C4427E}"
EndProject
Project("{FAE04EC0-301F-11D3-BF4B-00C04F79EFBC}") = "RevitMCP.Server", "RevitMCP.Server\RevitMCP.Server.csproj", "{68FA6E26-F17A-4500-B44C-0EB9F015B18B}"
EndProject
Project("{FAE04EC0-301F-11D3-BF4B-00C04F79EFBC}") = "RevitMCP.Shared", "RevitMCP.Shared\RevitMCP.Shared.csproj", "{BD8A26B9-7488-4A07-8C59-B76C0AE4AE6F}"
EndProject
Global
	GlobalSection(SolutionConfigurationPlatforms) = preSolution
		Debug|Any CPU = Debug|Any CPU
		Debug|x64 = Debug|x64
		Debug|x86 = Debug|x86
		Release|Any CPU = Release|Any CPU
		Release|x64 = Release|x64
		Release|x86 = Release|x86
	EndGlobalSection
	GlobalSection(ProjectConfigurationPlatforms) = postSolution
		{B10FAA4F-9520-4DD9-A04A-0F1471C4427E}.Debug|Any CPU.ActiveCfg = Debug|Any CPU
		{B10FAA4F-9520-4DD9-A04A-0F1471C4427E}.Debug|Any CPU.Build.0 = Debug|Any CPU
		{B10FAA4F-9520-4DD9-A04A-0F1471C4427E}.Debug|x64.ActiveCfg = Debug|Any CPU
		{B10FAA4F-9520-4DD9-A04A-0F1471C4427E}.Debug|x64.Build.0 = Debug|Any CPU
		{B10FAA4F-9520-4DD9-A04A-0F1471C4427E}.Debug|x86.ActiveCfg = Debug|Any CPU
		{B10FAA4F-9520-4DD9-A04A-0F1471C4427E}.Debug|x86.Build.0 = Debug|Any CPU
		{B10FAA4F-9520-4DD9-A04A-0F1471C4427E}.Release|Any CPU.ActiveCfg = Release|Any CPU
		{B10FAA4F-9520-4DD9-A04A-0F1471C4427E}.Release|Any CPU.Build.0 = Release|Any CPU
		{B10FAA4F-9520-4DD9-A04A-0F1471C4427E}.Release|x64.ActiveCfg = Release|Any CPU
		{B10FAA4F-9520-4DD9-A04A-0F1471C4427E}.Release|x64.Build.0 = Release|Any CPU
		{B10FAA4F-9520-4DD9-A04A-0F1471C4427E}.Release|x86.ActiveCfg = Release|Any CPU
		{B10FAA4F-9520-4DD9-A04A-0F1471C4427E}.Release|x86.Build.0 = Release|Any CPU
		{68FA6E26-F17A-4500-B44C-0EB9F015B18B}.Debug|Any CPU.ActiveCfg = Debug|Any CPU
		{68FA6E26-F17A-4500-B44C-0EB9F015B18B}.Debug|Any CPU.Build.0 = Debug|Any CPU
		{68FA6E26-F17A-4500-B44C-0EB9F015B18B}.Debug|x64.ActiveCfg = Debug|Any CPU
		{68FA6E26-F17A-4500-B44C-0EB9F015B18B}.Debug|x64.Build.0 = Debug|Any CPU
		{68FA6E26-F17A-4500-B44C-0EB9F015B18B}.Debug|x86.ActiveCfg = Debug|Any CPU
		{68FA6E26-F17A-4500-B44C-0EB9F015B18B}.Debug|x86.Build.0 = Debug|Any CPU
		{68FA6E26-F17A-4500-B44C-0EB9F015B18B}.Release|Any CPU.ActiveCfg = Release|Any CPU
		{68FA6E26-F17A-4500-B44C-0EB9F015B18B}.Release|Any CPU.Build.0 = Release|Any CPU
		{68FA6E26-F17A-4500-B44C-0EB9F015B18B}.Release|x64.ActiveCfg = Release|Any CPU
		{68FA6E26-F17A-4500-B44C-0EB9F015B18B}.Release|x64.Build.0 = Release|Any CPU
		{68FA6E26-F17A-4500-B44C-0EB9F015B18B}.Release|x86.ActiveCfg = Release|Any CPU
		{68FA6E26-F17A-4500-B44C-0EB9F015B18B}.Release|x86.Build.0 = Release|Any CPU
		{BD8A26B9-7488-4A07-8C59-B76C0AE4AE6F}.Debug|Any CPU.ActiveCfg = Debug|Any CPU
		{BD8A26B9-7488-4A07-8C59-B76C0AE4AE6F}.Debug|Any CPU.Build.0 = Debug|Any CPU
		{BD8A26B9-7488-4A07-8C59-B76C0AE4AE6F}.Debug|x64.ActiveCfg = Debug|Any CPU
		{BD8A26B9-7488-4A07-8C59-B76C0AE4AE6F}.Debug|x64.Build.0 = Debug|Any CPU
		{BD8A26B9-7488-4A07-8C59-B76C0AE4AE6F}.Debug|x86.ActiveCfg = Debug|Any CPU
		{BD8A26B9-7488-4A07-8C59-B76C0AE4AE6F}.Debug|x86.Build.0 = Debug|Any CPU
		{BD8A26B9-7488-4A07-8C59-B76C0AE4AE6F}.Release|Any CPU.ActiveCfg = Release|Any CPU
		{BD8A26B9-7488-4A07-8C59-B76C0AE4AE6F}.Release|Any CPU.Build.0 = Release|Any CPU
		{BD8A26B9-7488-4A07-8C59-B76C0AE4AE6F}.Release|x64.ActiveCfg = Release|Any CPU
		{BD8A26B9-7488-4A07-8C59-B76C0AE4AE6F}.Release|x64.Build.0 = Release|Any CPU
		{BD8A26B9-7488-4A07-8C59-B76C0AE4AE6F}.Release|x86.ActiveCfg = Release|Any CPU
		{BD8A26B9-7488-4A07-8C59-B76C0AE4AE6F}.Release|x86.Build.0 = Release|Any CPU
	EndGlobalSection
	GlobalSection(SolutionProperties) = preSolution
		HideSolutionNode = FALSE
	EndGlobalSection
EndGlobal
